
Microsoft Visual Studio Solution File, Format Version 12.00
# Visual Studio Version 17
VisualStudioVersion = 17.3.32901.215
MinimumVisualStudioVersion = 10.0.40219.1
Project("{FAE04EC0-301F-11D3-BF4B-00C04F79EFBC}") = "WEBBANTBDTK", "WEBBANTBDTK\WEBBANTBDTK.csproj", "{892B801F-DC91-4105-9328-3D588D9BFF2D}"
EndProject
Global
	GlobalSection(SolutionConfigurationPlatforms) = preSolution
		Debug|Any CPU = Debug|Any CPU
		Release|Any CPU = Release|Any CPU
	EndGlobalSection
	GlobalSection(ProjectConfigurationPlatforms) = postSolution
		{892B801F-DC91-4105-9328-3D588D9BFF2D}.Debug|Any CPU.ActiveCfg = Debug|Any CPU
		{892B801F-DC91-4105-9328-3D588D9BFF2D}.Debug|Any CPU.Build.0 = Debug|Any CPU
		{892B801F-DC91-4105-9328-3D588D9BFF2D}.Release|Any CPU.ActiveCfg = Release|Any CPU
		{892B801F-DC91-4105-9328-3D588D9BFF2D}.Release|Any CPU.Build.0 = Release|Any CPU
	EndGlobalSection
	GlobalSection(SolutionProperties) = preSolution
		HideSolutionNode = FALSE
	EndGlobalSection
	GlobalSection(ExtensibilityGlobals) = postSolution
		SolutionGuid = {148958C7-CBEF-43C1-81E3-7AF9FA9A7350}
	EndGlobalSection
EndGlobal
